
Microsoft Visual Studio Solution File, Format Version 12.00
# Visual Studio Version 17
VisualStudioVersion = 17.1.32319.34
MinimumVisualStudioVersion = 10.0.40219.1
Project("{9A19103F-16F7-4668-BE54-9A1E7A4F7556}") = "Collaboratory", "Collaboratory\Collaboratory.csproj", "{6D20A113-D54C-42D1-911A-86C6901167B2}"
EndProject
Project("{54435603-DBB4-11D2-8724-00A0C9A8B90C}") = "Collaboratory_Setup", "Collaboratory_Setup\Collaboratory_Setup.vdproj", "{5AA64EE2-3CA8-4351-8A5C-4403D3E91E4B}"
EndProject
Global
	GlobalSection(SolutionConfigurationPlatforms) = preSolution
		Debug|Any CPU = Debug|Any CPU
		Release|Any CPU = Release|Any CPU
	EndGlobalSection
	GlobalSection(ProjectConfigurationPlatforms) = postSolution
		{6D20A113-D54C-42D1-911A-86C6901167B2}.Debug|Any CPU.ActiveCfg = Debug|Any CPU
		{6D20A113-D54C-42D1-911A-86C6901167B2}.Debug|Any CPU.Build.0 = Debug|Any CPU
		{6D20A113-D54C-42D1-911A-86C6901167B2}.Release|Any CPU.ActiveCfg = Release|Any CPU
		{6D20A113-D54C-42D1-911A-86C6901167B2}.Release|Any CPU.Build.0 = Release|Any CPU
		{5AA64EE2-3CA8-4351-8A5C-4403D3E91E4B}.Debug|Any CPU.ActiveCfg = Debug
		{5AA64EE2-3CA8-4351-8A5C-4403D3E91E4B}.Release|Any CPU.ActiveCfg = Release
	EndGlobalSection
	GlobalSection(SolutionProperties) = preSolution
		HideSolutionNode = FALSE
	EndGlobalSection
	GlobalSection(ExtensibilityGlobals) = postSolution
		SolutionGuid = {229F6EB1-8EA5-49F3-A2DD-8D1A81EA17C5}
	EndGlobalSection
EndGlobal
